{
  "name": "docs.cucumber.io",
  "version": "1.0.0",
  "lockfileVersion": 2,
  "requires": true,
  "packages": {
    "": {
      "version": "1.0.0",
      "license": "MIT",
      "dependencies": {
        "@cucumber/gherkin": "21.0.0"
      }
    },
    "node_modules/@cucumber/gherkin": {
      "version": "21.0.0",
      "resolved": "https://registry.npmjs.org/@cucumber/gherkin/-/gherkin-21.0.0.tgz",
      "integrity": "sha512-S6YFmTg56iEn563ReePL6Sygb77vwYrGHEr7NwuLIgg20Hi1pp7P80BAYVYNRgU7nK9vG2II9O6kaZbiOXF/5g==",
      "dependencies": {
        "@cucumber/message-streams": "^3.0.0",
        "@cucumber/messages": "^17.1.0"
      }
    },
    "node_modules/@cucumber/message-streams": {
      "version": "3.0.0",
      "resolved": "https://registry.npmjs.org/@cucumber/message-streams/-/message-streams-3.0.0.tgz",
      "integrity": "sha512-ABx91nKUebV8mLmpf7BsB3bmQ57CDAfj2EIZswThz+nJHYPAFlZ1JewI6ykFsR9RzJ7/QhgQs0KHeQh7nH/u1Q==",
      "dependencies": {
        "@cucumber/messages": "^17.0.0"
      }
    },
    "node_modules/@cucumber/messages": {
      "version": "17.1.0",
      "resolved": "https://registry.npmjs.org/@cucumber/messages/-/messages-17.1.0.tgz",
      "integrity": "sha512-OA1uQDX16PjOpeTmMvAiCSjJbomgHYJ4HTVuekF4M8Ykh6mK+5oKn6uZaJTZ/xblEDKGqCfHalrg9yg8/nW41g==",
      "dependencies": {
        "@types/uuid": "8.3.1",
        "class-transformer": "0.4.0",
        "reflect-metadata": "0.1.13",
        "uuid": "8.3.2"
      }
    },
    "node_modules/@types/uuid": {
      "version": "8.3.1",
      "resolved": "https://registry.npmjs.org/@types/uuid/-/uuid-8.3.1.tgz",
      "integrity": "sha512-Y2mHTRAbqfFkpjldbkHGY8JIzRN6XqYRliG8/24FcHm2D2PwW24fl5xMRTVGdrb7iMrwCaIEbLWerGIkXuFWVg=="
    },
    "node_modules/class-transformer": {
      "version": "0.4.0",
      "resolved": "https://registry.npmjs.org/class-transformer/-/class-transformer-0.4.0.tgz",
      "integrity": "sha512-ETWD/H2TbWbKEi7m9N4Km5+cw1hNcqJSxlSYhsLsNjQzWWiZIYA1zafxpK9PwVfaZ6AqR5rrjPVUBGESm5tQUA=="
    },
    "node_modules/reflect-metadata": {
      "version": "0.1.13",
      "resolved": "https://registry.npmjs.org/reflect-metadata/-/reflect-metadata-0.1.13.tgz",
      "integrity": "sha512-Ts1Y/anZELhSsjMcU605fU9RE4Oi3p5ORujwbIKXfWa+0Zxs510Qrmrce5/Jowq3cHSZSJqBjypxmHarc+vEWg=="
    },
    "node_modules/uuid": {
      "version": "8.3.2",
      "resolved": "https://registry.npmjs.org/uuid/-/uuid-8.3.2.tgz",
      "integrity": "sha512-+NYs2QeMWy+GWFOEm9xnn6HCDp0l7QBD7ml8zLUmJ+93Q5NF0NocErnwkTkXVFNiX3/fpC6afS8Dhb/gz7R7eg==",
      "bin": {
        "uuid": "dist/bin/uuid"
      }
    }
  },
  "dependencies": {
    "@cucumber/gherkin": {
      "version": "21.0.0",
      "resolved": "https://registry.npmjs.org/@cucumber/gherkin/-/gherkin-21.0.0.tgz",
      "integrity": "sha512-S6YFmTg56iEn563ReePL6Sygb77vwYrGHEr7NwuLIgg20Hi1pp7P80BAYVYNRgU7nK9vG2II9O6kaZbiOXF/5g==",
      "requires": {
        "@cucumber/message-streams": "^3.0.0",
        "@cucumber/messages": "^17.1.0"
      }
    },
    "@cucumber/message-streams": {
      "version": "3.0.0",
      "resolved": "https://registry.npmjs.org/@cucumber/message-streams/-/message-streams-3.0.0.tgz",
      "integrity": "sha512-ABx91nKUebV8mLmpf7BsB3bmQ57CDAfj2EIZswThz+nJHYPAFlZ1JewI6ykFsR9RzJ7/QhgQs0KHeQh7nH/u1Q==",
      "requires": {
        "@cucumber/messages": "^17.0.0"
      }
    },
    "@cucumber/messages": {
      "version": "17.1.0",
      "resolved": "https://registry.npmjs.org/@cucumber/messages/-/messages-17.1.0.tgz",
      "integrity": "sha512-OA1uQDX16PjOpeTmMvAiCSjJbomgHYJ4HTVuekF4M8Ykh6mK+5oKn6uZaJTZ/xblEDKGqCfHalrg9yg8/nW41g==",
      "requires": {
        "@types/uuid": "8.3.1",
        "class-transformer": "0.4.0",
        "reflect-metadata": "0.1.13",
        "uuid": "8.3.2"
      }
    },
    "@types/uuid": {
      "version": "8.3.1",
      "resolved": "https://registry.npmjs.org/@types/uuid/-/uuid-8.3.1.tgz",
      "integrity": "sha512-Y2mHTRAbqfFkpjldbkHGY8JIzRN6XqYRliG8/24FcHm2D2PwW24fl5xMRTVGdrb7iMrwCaIEbLWerGIkXuFWVg=="
    },
    "class-transformer": {
      "version": "0.4.0",
      "resolved": "https://registry.npmjs.org/class-transformer/-/class-transformer-0.4.0.tgz",
      "integrity": "sha512-ETWD/H2TbWbKEi7m9N4Km5+cw1hNcqJSxlSYhsLsNjQzWWiZIYA1zafxpK9PwVfaZ6AqR5rrjPVUBGESm5tQUA=="
    },
    "reflect-metadata": {
      "version": "0.1.13",
      "resolved": "https://registry.npmjs.org/reflect-metadata/-/reflect-metadata-0.1.13.tgz",
      "integrity": "sha512-Ts1Y/anZELhSsjMcU605fU9RE4Oi3p5ORujwbIKXfWa+0Zxs510Qrmrce5/Jowq3cHSZSJqBjypxmHarc+vEWg=="
    },
    "uuid": {
      "version": "8.3.2",
      "resolved": "https://registry.npmjs.org/uuid/-/uuid-8.3.2.tgz",
      "integrity": "sha512-+NYs2QeMWy+GWFOEm9xnn6HCDp0l7QBD7ml8zLUmJ+93Q5NF0NocErnwkTkXVFNiX3/fpC6afS8Dhb/gz7R7eg=="
    }
  }
}
