# THIS IS AN AUTOGENERATED FILE. DO NOT EDIT THIS FILE DIRECTLY.
# yarn lockfile v1


"@cucumber/gherkin@30.0.0":
  version "30.0.0"
  resolved "https://registry.yarnpkg.com/@cucumber/gherkin/-/gherkin-30.0.0.tgz#6ee998e928f25c97164f3c4c9a460507775f5834"
  integrity sha512-ng23BG8ASMUWNTbH1rL6I7d33CY9o3jgIpw3F0j7vL9Axm4mFngL0/6VPJ2HPZeBsFEzAcy7U9IdJNYIz4vFMQ==
  dependencies:
    "@cucumber/messages" ">=19.1.4 <=26"

"@cucumber/messages@>=19.1.4 <=26":
  version "26.0.1"
  resolved "https://registry.yarnpkg.com/@cucumber/messages/-/messages-26.0.1.tgz#18765481cf2580066977cbe26af111458e05c424"
  integrity sha512-DIxSg+ZGariumO+Lq6bn4kOUIUET83A4umrnWmidjGFl8XxkBieUZtsmNbLYgH/gnsmP07EfxxdTr0hOchV1Sg==
  dependencies:
    "@types/uuid" "10.0.0"
    class-transformer "0.5.1"
    reflect-metadata "0.2.2"
    uuid "10.0.0"

"@types/uuid@10.0.0":
  version "10.0.0"
  resolved "https://registry.yarnpkg.com/@types/uuid/-/uuid-10.0.0.tgz#e9c07fe50da0f53dc24970cca94d619ff03f6f6d"
  integrity sha512-7gqG38EyHgyP1S+7+xomFtL+ZNHcKv6DwNaCZmJmo1vgMugyF3TCnXVg4t1uk89mLNwnLtnY3TpOpCOyp1/xHQ==

class-transformer@0.5.1:
  version "0.5.1"
  resolved "https://registry.yarnpkg.com/class-transformer/-/class-transformer-0.5.1.tgz#24147d5dffd2a6cea930a3250a677addf96ab336"
  integrity sha512-SQa1Ws6hUbfC98vKGxZH3KFY0Y1lm5Zm0SY8XX9zbK7FJCyVEac3ATW0RIpwzW+oOfmHE5PMPufDG9hCfoEOMw==

reflect-metadata@0.2.2:
  version "0.2.2"
  resolved "https://registry.yarnpkg.com/reflect-metadata/-/reflect-metadata-0.2.2.tgz#400c845b6cba87a21f2c65c4aeb158f4fa4d9c5b"
  integrity sha512-urBwgfrvVP/eAyXx4hluJivBKzuEbSQs9rKWCrCkbSxNv8mxPcUZKeuoF3Uy4mJl3Lwprp6yy5/39VWigZ4K6Q==

uuid@10.0.0:
  version "10.0.0"
  resolved "https://registry.yarnpkg.com/uuid/-/uuid-10.0.0.tgz#5a95aa454e6e002725c79055fd42aaba30ca6294"
  integrity sha512-8XkAphELsDnEGrDxUOHB3RGvXz6TeuYSGEZBOjtTtPm2lwhGBjLgOzLHB63IUWfBpNucQjND6d3AOudO+H3RWQ==
