# THIS IS AN AUTOGENERATED FILE. DO NOT EDIT THIS FILE DIRECTLY.
# yarn lockfile v1


"@cucumber/gherkin@28.0.0":
  version "28.0.0"
  resolved "https://registry.yarnpkg.com/@cucumber/gherkin/-/gherkin-28.0.0.tgz#91246da622524807b21430c1692bedd319d3d4bb"
  integrity sha512-Ee6zJQq0OmIUPdW0mSnsCsrWA2PZAELNDPICD2pLfs0Oz7RAPgj80UsD2UCtqyAhw2qAR62aqlktKUlai5zl/A==
  dependencies:
    "@cucumber/messages" ">=19.1.4 <=24"

"@cucumber/messages@>=19.1.4 <=24":
  version "24.1.0"
  resolved "https://registry.yarnpkg.com/@cucumber/messages/-/messages-24.1.0.tgz#a212c97b0548144c3ccfae021a96d6c56d3841d3"
  integrity sha512-hxVHiBurORcobhVk80I9+JkaKaNXkW6YwGOEFIh/2aO+apAN+5XJgUUWjng9NwqaQrW1sCFuawLB1AuzmBaNdQ==
  dependencies:
    "@types/uuid" "9.0.8"
    class-transformer "0.5.1"
    reflect-metadata "0.2.1"
    uuid "9.0.1"

"@types/uuid@9.0.8":
  version "9.0.8"
  resolved "https://registry.yarnpkg.com/@types/uuid/-/uuid-9.0.8.tgz#7545ba4fc3c003d6c756f651f3bf163d8f0f29ba"
  integrity sha512-jg+97EGIcY9AGHJJRaaPVgetKDsrTgbRjQ5Msgjh/DQKEFl0DtyRr/VCOyD1T2R1MNeWPK/u7JoGhlDZnKBAfA==

class-transformer@0.5.1:
  version "0.5.1"
  resolved "https://registry.yarnpkg.com/class-transformer/-/class-transformer-0.5.1.tgz#24147d5dffd2a6cea930a3250a677addf96ab336"
  integrity sha512-SQa1Ws6hUbfC98vKGxZH3KFY0Y1lm5Zm0SY8XX9zbK7FJCyVEac3ATW0RIpwzW+oOfmHE5PMPufDG9hCfoEOMw==

reflect-metadata@0.2.1:
  version "0.2.1"
  resolved "https://registry.yarnpkg.com/reflect-metadata/-/reflect-metadata-0.2.1.tgz#8d5513c0f5ef2b4b9c3865287f3c0940c1f67f74"
  integrity sha512-i5lLI6iw9AU3Uu4szRNPPEkomnkjRTaVt9hy/bn5g/oSzekBSMeLZblcjP74AW0vBabqERLLIrz+gR8QYR54Tw==

uuid@9.0.1:
  version "9.0.1"
  resolved "https://registry.yarnpkg.com/uuid/-/uuid-9.0.1.tgz#e188d4c8853cc722220392c424cd637f32293f30"
  integrity sha512-b+1eJOlsR9K8HJpow9Ok3fiWOWSIcIzXodvv0rQjVoOVNpWMpxf1wZNpt4y9h10odCNrqnYp1OBzRktckBe3sA==
