# THIS IS AN AUTOGENERATED FILE. DO NOT EDIT THIS FILE DIRECTLY.
# yarn lockfile v1


"@cucumber/gherkin@22.0.0":
  version "22.0.0"
  resolved "https://registry.yarnpkg.com/@cucumber/gherkin/-/gherkin-22.0.0.tgz#93b271fd116e2164c33adc5ccd9257bba74f03a7"
  integrity sha512-D5OghXE8kkZm7pcwo8TvQMgrrXGMXEjERdKLU0T7dQIbc6k0BmMX8dTRh2cwAjH8c7vhwdd0qLU8FPQgGGj+bg==
  dependencies:
    "@cucumber/message-streams" "^3.0.0"
    "@cucumber/messages" "^17.1.1"

"@cucumber/message-streams@^3.0.0":
  version "3.0.0"
  resolved "https://registry.yarnpkg.com/@cucumber/message-streams/-/message-streams-3.0.0.tgz#a8c7301fbed0f9b7255be06d7bc296ea5efdbc1f"
  integrity sha512-ABx91nKUebV8mLmpf7BsB3bmQ57CDAfj2EIZswThz+nJHYPAFlZ1JewI6ykFsR9RzJ7/QhgQs0KHeQh7nH/u1Q==
  dependencies:
    "@cucumber/messages" "^17.0.0"

"@cucumber/messages@^17.0.0":
  version "17.1.0"
  resolved "https://registry.yarnpkg.com/@cucumber/messages/-/messages-17.1.0.tgz#bcc7386eed3e1c8bbae490a2140e3ceb68a154d7"
  integrity sha512-OA1uQDX16PjOpeTmMvAiCSjJbomgHYJ4HTVuekF4M8Ykh6mK+5oKn6uZaJTZ/xblEDKGqCfHalrg9yg8/nW41g==
  dependencies:
    "@types/uuid" "8.3.1"
    class-transformer "0.4.0"
    reflect-metadata "0.1.13"
    uuid "8.3.2"

"@cucumber/messages@^17.1.1":
  version "17.1.1"
  resolved "https://registry.yarnpkg.com/@cucumber/messages/-/messages-17.1.1.tgz#1f40b020af1983f47e37a0847a9fe648b6ec8d1f"
  integrity sha512-KQMn2Ag+1g1CXp/zKQ7LLqmuHjuQwuXw0N2u5SrDk8r72zPt36SxmDSJK7w6HiFTI+3p5ZuzwLi4S5jop3Tx4g==
  dependencies:
    "@types/uuid" "8.3.1"
    class-transformer "0.4.0"
    reflect-metadata "0.1.13"
    uuid "8.3.2"

"@types/uuid@8.3.1":
  version "8.3.1"
  resolved "https://registry.yarnpkg.com/@types/uuid/-/uuid-8.3.1.tgz#1a32969cf8f0364b3d8c8af9cc3555b7805df14f"
  integrity sha512-Y2mHTRAbqfFkpjldbkHGY8JIzRN6XqYRliG8/24FcHm2D2PwW24fl5xMRTVGdrb7iMrwCaIEbLWerGIkXuFWVg==

class-transformer@0.4.0:
  version "0.4.0"
  resolved "https://registry.yarnpkg.com/class-transformer/-/class-transformer-0.4.0.tgz#b52144117b423c516afb44cc1c76dbad31c2165b"
  integrity sha512-ETWD/H2TbWbKEi7m9N4Km5+cw1hNcqJSxlSYhsLsNjQzWWiZIYA1zafxpK9PwVfaZ6AqR5rrjPVUBGESm5tQUA==

reflect-metadata@0.1.13:
  version "0.1.13"
  resolved "https://registry.yarnpkg.com/reflect-metadata/-/reflect-metadata-0.1.13.tgz#67ae3ca57c972a2aa1642b10fe363fe32d49dc08"
  integrity sha512-Ts1Y/anZELhSsjMcU605fU9RE4Oi3p5ORujwbIKXfWa+0Zxs510Qrmrce5/Jowq3cHSZSJqBjypxmHarc+vEWg==

uuid@8.3.2:
  version "8.3.2"
  resolved "https://registry.yarnpkg.com/uuid/-/uuid-8.3.2.tgz#80d5b5ced271bb9af6c445f21a1a04c606cefbe2"
  integrity sha512-+NYs2QeMWy+GWFOEm9xnn6HCDp0l7QBD7ml8zLUmJ+93Q5NF0NocErnwkTkXVFNiX3/fpC6afS8Dhb/gz7R7eg==
